
Microsoft Visual Studio Solution File, Format Version 12.00
# Visual Studio Version 17
VisualStudioVersion = 17.2.32630.192
MinimumVisualStudioVersion = 10.0.40219.1
Project("{9A19103F-16F7-4668-BE54-9A1E7A4F7556}") = "DistribuidoraDM", "DistribuidoraDM\DistribuidoraDM.csproj", "{73F2A213-9A1E-4A3C-90DF-61297C172DEA}"
EndProject
Global
	GlobalSection(SolutionConfigurationPlatforms) = preSolution
		Debug|Any CPU = Debug|Any CPU
		Release|Any CPU = Release|Any CPU
	EndGlobalSection
	GlobalSection(ProjectConfigurationPlatforms) = postSolution
		{73F2A213-9A1E-4A3C-90DF-61297C172DEA}.Debug|Any CPU.ActiveCfg = Debug|Any CPU
		{73F2A213-9A1E-4A3C-90DF-61297C172DEA}.Debug|Any CPU.Build.0 = Debug|Any CPU
		{73F2A213-9A1E-4A3C-90DF-61297C172DEA}.Release|Any CPU.ActiveCfg = Release|Any CPU
		{73F2A213-9A1E-4A3C-90DF-61297C172DEA}.Release|Any CPU.Build.0 = Release|Any CPU
	EndGlobalSection
	GlobalSection(SolutionProperties) = preSolution
		HideSolutionNode = FALSE
	EndGlobalSection
	GlobalSection(ExtensibilityGlobals) = postSolution
		SolutionGuid = {72B14D8C-4015-4B19-A12B-4599A2BEEBD9}
	EndGlobalSection
EndGlobal
